// !$*UTF8*$!
{
	archiveVersion = 1;
	classes = {
	};
	objectVersion = 46;
	objects = {

/* Begin PBXBuildFile section */
		203345631F8D5DB50017CD3D /* Colors.swift in Sources */ = {isa = PBXBuildFile; fileRef = 203345621F8D5DB50017CD3D /* Colors.swift */; };
		203345661F8D618A0017CD3D /* AddDogCell.swift in Sources */ = {isa = PBXBuildFile; fileRef = 203345641F8D618A0017CD3D /* AddDogCell.swift */; };
		203345671F8D618A0017CD3D /* AddDogCell.xib in Resources */ = {isa = PBXBuildFile; fileRef = 203345651F8D618A0017CD3D /* AddDogCell.xib */; };
		20356F081F6C47F1006466A2 /* LandPageVC.swift in Sources */ = {isa = PBXBuildFile; fileRef = 20356F071F6C47F1006466A2 /* LandPageVC.swift */; };
		205066E51F8AE4F000343DCB /* AnimatedTextField.swift in Sources */ = {isa = PBXBuildFile; fileRef = 205066E41F8AE4F000343DCB /* AnimatedTextField.swift */; };
		205066E71F8AE53200343DCB /* TextFieldEffects.swift in Sources */ = {isa = PBXBuildFile; fileRef = 205066E61F8AE53200343DCB /* TextFieldEffects.swift */; };
		205066E91F8AE60400343DCB /* SignUpVC.swift in Sources */ = {isa = PBXBuildFile; fileRef = 205066E81F8AE60400343DCB /* SignUpVC.swift */; };
		20AFF9471F8DC84B001ABD11 /* AddRowCell.swift in Sources */ = {isa = PBXBuildFile; fileRef = 20AFF9451F8DC84B001ABD11 /* AddRowCell.swift */; };
		20AFF9481F8DC84B001ABD11 /* AddRowCell.xib in Resources */ = {isa = PBXBuildFile; fileRef = 20AFF9461F8DC84B001ABD11 /* AddRowCell.xib */; };
		20AFF94A1F8DE395001ABD11 /* LogInVC.swift in Sources */ = {isa = PBXBuildFile; fileRef = 20AFF9491F8DE395001ABD11 /* LogInVC.swift */; };
		20AFF94C1F8DF74E001ABD11 /* ProfileVC.swift in Sources */ = {isa = PBXBuildFile; fileRef = 20AFF94B1F8DF74E001ABD11 /* ProfileVC.swift */; };
		20AFF94E1F8DF876001ABD11 /* ProfileDogCell.swift in Sources */ = {isa = PBXBuildFile; fileRef = 20AFF94D1F8DF876001ABD11 /* ProfileDogCell.swift */; };
		20AFF9501F8DF8E0001ABD11 /* ProfileListCell.swift in Sources */ = {isa = PBXBuildFile; fileRef = 20AFF94F1F8DF8E0001ABD11 /* ProfileListCell.swift */; };
		7CB833F1F08EE3318220ECFC /* Pods_FetchTests.framework in Frameworks */ = {isa = PBXBuildFile; fileRef = 617A4FB241340E8F0EE132A7 /* Pods_FetchTests.framework */; };
		83AB73CD621C8B94EB124A97 /* Pods_Fetch.framework in Frameworks */ = {isa = PBXBuildFile; fileRef = 7CEDAC3E9C2FBE95E4FA01DB /* Pods_Fetch.framework */; };
		ACC0A1921F6C221000D90519 /* AppDelegate.swift in Sources */ = {isa = PBXBuildFile; fileRef = ACC0A1911F6C221000D90519 /* AppDelegate.swift */; };
		ACC0A1941F6C221000D90519 /* FirstViewController.swift in Sources */ = {isa = PBXBuildFile; fileRef = ACC0A1931F6C221000D90519 /* FirstViewController.swift */; };
		ACC0A1961F6C221000D90519 /* SecondViewController.swift in Sources */ = {isa = PBXBuildFile; fileRef = ACC0A1951F6C221000D90519 /* SecondViewController.swift */; };
		ACC0A1991F6C221000D90519 /* Main.storyboard in Resources */ = {isa = PBXBuildFile; fileRef = ACC0A1971F6C221000D90519 /* Main.storyboard */; };
		ACC0A19B1F6C221000D90519 /* Assets.xcassets in Resources */ = {isa = PBXBuildFile; fileRef = ACC0A19A1F6C221000D90519 /* Assets.xcassets */; };
		ACC0A19E1F6C221000D90519 /* LaunchScreen.storyboard in Resources */ = {isa = PBXBuildFile; fileRef = ACC0A19C1F6C221000D90519 /* LaunchScreen.storyboard */; };
		ACC0A1B41F6C221000D90519 /* FetchUITests.swift in Sources */ = {isa = PBXBuildFile; fileRef = ACC0A1B31F6C221000D90519 /* FetchUITests.swift */; };
		ACCE942F1F8C469900BBFE33 /* GoogleService-Info.plist in Resources */ = {isa = PBXBuildFile; fileRef = ACCE942E1F8C469900BBFE33 /* GoogleService-Info.plist */; };
		ACD6BB381F8E9BFC0014BAE1 /* Extension.swift in Sources */ = {isa = PBXBuildFile; fileRef = ACD6BB371F8E9BFC0014BAE1 /* Extension.swift */; };
		E356E0DF16874DD27654743E /* Pods_FetchUITests.framework in Frameworks */ = {isa = PBXBuildFile; fileRef = 22C02B400DBE6E1BE9560EA4 /* Pods_FetchUITests.framework */; };
/* End PBXBuildFile section */

/* Begin PBXContainerItemProxy section */
		ACC0A1A51F6C221000D90519 /* PBXContainerItemProxy */ = {
			isa = PBXContainerItemProxy;
			containerPortal = ACC0A1861F6C221000D90519 /* Project object */;
			proxyType = 1;
			remoteGlobalIDString = ACC0A18D1F6C221000D90519;
			remoteInfo = Fetch;
		};
		ACC0A1B01F6C221000D90519 /* PBXContainerItemProxy */ = {
			isa = PBXContainerItemProxy;
			containerPortal = ACC0A1861F6C221000D90519 /* Project object */;
			proxyType = 1;
			remoteGlobalIDString = ACC0A18D1F6C221000D90519;
			remoteInfo = Fetch;
		};
/* End PBXContainerItemProxy section */

/* Begin PBXFileReference section */
		1E3F85A997D3A42349EA6589 /* Pods-Fetch.debug.xcconfig */ = {isa = PBXFileReference; includeInIndex = 1; lastKnownFileType = text.xcconfig; name = "Pods-Fetch.debug.xcconfig"; path = "Pods/Target Support Files/Pods-Fetch/Pods-Fetch.debug.xcconfig"; sourceTree = "<group>"; };
		203345621F8D5DB50017CD3D /* Colors.swift */ = {isa = PBXFileReference; lastKnownFileType = sourcecode.swift; path = Colors.swift; sourceTree = "<group>"; };
		203345641F8D618A0017CD3D /* AddDogCell.swift */ = {isa = PBXFileReference; lastKnownFileType = sourcecode.swift; path = AddDogCell.swift; sourceTree = "<group>"; };
		203345651F8D618A0017CD3D /* AddDogCell.xib */ = {isa = PBXFileReference; lastKnownFileType = file.xib; path = AddDogCell.xib; sourceTree = "<group>"; };
		20356F071F6C47F1006466A2 /* LandPageVC.swift */ = {isa = PBXFileReference; fileEncoding = 4; lastKnownFileType = sourcecode.swift; path = LandPageVC.swift; sourceTree = "<group>"; };
		205066E41F8AE4F000343DCB /* AnimatedTextField.swift */ = {isa = PBXFileReference; lastKnownFileType = sourcecode.swift; path = AnimatedTextField.swift; sourceTree = "<group>"; };
		205066E61F8AE53200343DCB /* TextFieldEffects.swift */ = {isa = PBXFileReference; lastKnownFileType = sourcecode.swift; path = TextFieldEffects.swift; sourceTree = "<group>"; };
		205066E81F8AE60400343DCB /* SignUpVC.swift */ = {isa = PBXFileReference; lastKnownFileType = sourcecode.swift; path = SignUpVC.swift; sourceTree = "<group>"; };
		20AFF9451F8DC84B001ABD11 /* AddRowCell.swift */ = {isa = PBXFileReference; lastKnownFileType = sourcecode.swift; path = AddRowCell.swift; sourceTree = "<group>"; };
		20AFF9461F8DC84B001ABD11 /* AddRowCell.xib */ = {isa = PBXFileReference; lastKnownFileType = file.xib; path = AddRowCell.xib; sourceTree = "<group>"; };
		20AFF9491F8DE395001ABD11 /* LogInVC.swift */ = {isa = PBXFileReference; lastKnownFileType = sourcecode.swift; path = LogInVC.swift; sourceTree = "<group>"; };
		20AFF94B1F8DF74E001ABD11 /* ProfileVC.swift */ = {isa = PBXFileReference; lastKnownFileType = sourcecode.swift; path = ProfileVC.swift; sourceTree = "<group>"; };
		20AFF94D1F8DF876001ABD11 /* ProfileDogCell.swift */ = {isa = PBXFileReference; lastKnownFileType = sourcecode.swift; path = ProfileDogCell.swift; sourceTree = "<group>"; };
		20AFF94F1F8DF8E0001ABD11 /* ProfileListCell.swift */ = {isa = PBXFileReference; lastKnownFileType = sourcecode.swift; path = ProfileListCell.swift; sourceTree = "<group>"; };
		22C02B400DBE6E1BE9560EA4 /* Pods_FetchUITests.framework */ = {isa = PBXFileReference; explicitFileType = wrapper.framework; includeInIndex = 0; path = Pods_FetchUITests.framework; sourceTree = BUILT_PRODUCTS_DIR; };
		3FCA53447C490C19EF564100 /* Pods-FetchUITests.release.xcconfig */ = {isa = PBXFileReference; includeInIndex = 1; lastKnownFileType = text.xcconfig; name = "Pods-FetchUITests.release.xcconfig"; path = "Pods/Target Support Files/Pods-FetchUITests/Pods-FetchUITests.release.xcconfig"; sourceTree = "<group>"; };
		4F50D913A01892A33A0D4003 /* Pods-Fetch.release.xcconfig */ = {isa = PBXFileReference; includeInIndex = 1; lastKnownFileType = text.xcconfig; name = "Pods-Fetch.release.xcconfig"; path = "Pods/Target Support Files/Pods-Fetch/Pods-Fetch.release.xcconfig"; sourceTree = "<group>"; };
		617A4FB241340E8F0EE132A7 /* Pods_FetchTests.framework */ = {isa = PBXFileReference; explicitFileType = wrapper.framework; includeInIndex = 0; path = Pods_FetchTests.framework; sourceTree = BUILT_PRODUCTS_DIR; };
		727162DFF6390CE2DFC08A28 /* Pods-FetchUITests.debug.xcconfig */ = {isa = PBXFileReference; includeInIndex = 1; lastKnownFileType = text.xcconfig; name = "Pods-FetchUITests.debug.xcconfig"; path = "Pods/Target Support Files/Pods-FetchUITests/Pods-FetchUITests.debug.xcconfig"; sourceTree = "<group>"; };
		7B29F21A6660037C40D4B1E8 /* Pods-FetchTests.debug.xcconfig */ = {isa = PBXFileReference; includeInIndex = 1; lastKnownFileType = text.xcconfig; name = "Pods-FetchTests.debug.xcconfig"; path = "Pods/Target Support Files/Pods-FetchTests/Pods-FetchTests.debug.xcconfig"; sourceTree = "<group>"; };
		7CEDAC3E9C2FBE95E4FA01DB /* Pods_Fetch.framework */ = {isa = PBXFileReference; explicitFileType = wrapper.framework; includeInIndex = 0; path = Pods_Fetch.framework; sourceTree = BUILT_PRODUCTS_DIR; };
		ACC0A18E1F6C221000D90519 /* Fetch.app */ = {isa = PBXFileReference; explicitFileType = wrapper.application; includeInIndex = 0; path = Fetch.app; sourceTree = BUILT_PRODUCTS_DIR; };
		ACC0A1911F6C221000D90519 /* AppDelegate.swift */ = {isa = PBXFileReference; lastKnownFileType = sourcecode.swift; path = AppDelegate.swift; sourceTree = "<group>"; };
		ACC0A1931F6C221000D90519 /* FirstViewController.swift */ = {isa = PBXFileReference; lastKnownFileType = sourcecode.swift; path = FirstViewController.swift; sourceTree = "<group>"; };
		ACC0A1951F6C221000D90519 /* SecondViewController.swift */ = {isa = PBXFileReference; lastKnownFileType = sourcecode.swift; path = SecondViewController.swift; sourceTree = "<group>"; };
		ACC0A1981F6C221000D90519 /* Base */ = {isa = PBXFileReference; lastKnownFileType = file.storyboard; name = Base; path = Base.lproj/Main.storyboard; sourceTree = "<group>"; };
		ACC0A19A1F6C221000D90519 /* Assets.xcassets */ = {isa = PBXFileReference; lastKnownFileType = folder.assetcatalog; path = Assets.xcassets; sourceTree = "<group>"; };
		ACC0A19D1F6C221000D90519 /* Base */ = {isa = PBXFileReference; lastKnownFileType = file.storyboard; name = Base; path = Base.lproj/LaunchScreen.storyboard; sourceTree = "<group>"; };
		ACC0A19F1F6C221000D90519 /* Info.plist */ = {isa = PBXFileReference; lastKnownFileType = text.plist.xml; path = Info.plist; sourceTree = "<group>"; };
		ACC0A1A41F6C221000D90519 /* FetchTests.xctest */ = {isa = PBXFileReference; explicitFileType = wrapper.cfbundle; includeInIndex = 0; path = FetchTests.xctest; sourceTree = BUILT_PRODUCTS_DIR; };
		ACC0A1AF1F6C221000D90519 /* FetchUITests.xctest */ = {isa = PBXFileReference; explicitFileType = wrapper.cfbundle; includeInIndex = 0; path = FetchUITests.xctest; sourceTree = BUILT_PRODUCTS_DIR; };
		ACC0A1B31F6C221000D90519 /* FetchUITests.swift */ = {isa = PBXFileReference; lastKnownFileType = sourcecode.swift; path = FetchUITests.swift; sourceTree = "<group>"; };
		ACC0A1B51F6C221000D90519 /* Info.plist */ = {isa = PBXFileReference; lastKnownFileType = text.plist.xml; path = Info.plist; sourceTree = "<group>"; };
		ACCE942C1F8C431900BBFE33 /* Fetch.entitlements */ = {isa = PBXFileReference; lastKnownFileType = text.plist.entitlements; path = Fetch.entitlements; sourceTree = "<group>"; };
		ACCE942E1F8C469900BBFE33 /* GoogleService-Info.plist */ = {isa = PBXFileReference; fileEncoding = 4; lastKnownFileType = text.plist.xml; path = "GoogleService-Info.plist"; sourceTree = "<group>"; };
		ACD6BB371F8E9BFC0014BAE1 /* Extension.swift */ = {isa = PBXFileReference; lastKnownFileType = sourcecode.swift; path = Extension.swift; sourceTree = "<group>"; };
		BF0FBCE28585E8220972BDC3 /* Pods-FetchTests.release.xcconfig */ = {isa = PBXFileReference; includeInIndex = 1; lastKnownFileType = text.xcconfig; name = "Pods-FetchTests.release.xcconfig"; path = "Pods/Target Support Files/Pods-FetchTests/Pods-FetchTests.release.xcconfig"; sourceTree = "<group>"; };
/* End PBXFileReference section */

/* Begin PBXFrameworksBuildPhase section */
		ACC0A18B1F6C221000D90519 /* Frameworks */ = {
			isa = PBXFrameworksBuildPhase;
			buildActionMask = 2147483647;
			files = (
				83AB73CD621C8B94EB124A97 /* Pods_Fetch.framework in Frameworks */,
			);
			runOnlyForDeploymentPostprocessing = 0;
		};
		ACC0A1A11F6C221000D90519 /* Frameworks */ = {
			isa = PBXFrameworksBuildPhase;
			buildActionMask = 2147483647;
			files = (
				7CB833F1F08EE3318220ECFC /* Pods_FetchTests.framework in Frameworks */,
			);
			runOnlyForDeploymentPostprocessing = 0;
		};
		ACC0A1AC1F6C221000D90519 /* Frameworks */ = {
			isa = PBXFrameworksBuildPhase;
			buildActionMask = 2147483647;
			files = (
				E356E0DF16874DD27654743E /* Pods_FetchUITests.framework in Frameworks */,
			);
			runOnlyForDeploymentPostprocessing = 0;
		};
/* End PBXFrameworksBuildPhase section */

/* Begin PBXGroup section */
		0D611ACE371F5C57FE43F097 /* Pods */ = {
			isa = PBXGroup;
			children = (
				1E3F85A997D3A42349EA6589 /* Pods-Fetch.debug.xcconfig */,
				4F50D913A01892A33A0D4003 /* Pods-Fetch.release.xcconfig */,
				7B29F21A6660037C40D4B1E8 /* Pods-FetchTests.debug.xcconfig */,
				BF0FBCE28585E8220972BDC3 /* Pods-FetchTests.release.xcconfig */,
				727162DFF6390CE2DFC08A28 /* Pods-FetchUITests.debug.xcconfig */,
				3FCA53447C490C19EF564100 /* Pods-FetchUITests.release.xcconfig */,
			);
			name = Pods;
			sourceTree = "<group>";
		};
		ACC0A1851F6C221000D90519 = {
			isa = PBXGroup;
			children = (
				ACC0A1901F6C221000D90519 /* Fetch */,
				ACC0A1B21F6C221000D90519 /* FetchUITests */,
				ACC0A18F1F6C221000D90519 /* Products */,
				0D611ACE371F5C57FE43F097 /* Pods */,
				B5E072829C2EF919FA919F0A /* Frameworks */,
			);
			sourceTree = "<group>";
		};
		ACC0A18F1F6C221000D90519 /* Products */ = {
			isa = PBXGroup;
			children = (
				ACC0A18E1F6C221000D90519 /* Fetch.app */,
				ACC0A1A41F6C221000D90519 /* FetchTests.xctest */,
				ACC0A1AF1F6C221000D90519 /* FetchUITests.xctest */,
			);
			name = Products;
			sourceTree = "<group>";
		};
		ACC0A1901F6C221000D90519 /* Fetch */ = {
			isa = PBXGroup;
			children = (
				ACCE942C1F8C431900BBFE33 /* Fetch.entitlements */,
				ACC0A1911F6C221000D90519 /* AppDelegate.swift */,
				ACC0A1931F6C221000D90519 /* FirstViewController.swift */,
				ACCE942E1F8C469900BBFE33 /* GoogleService-Info.plist */,
				ACC0A1951F6C221000D90519 /* SecondViewController.swift */,
				ACC0A1971F6C221000D90519 /* Main.storyboard */,
				ACC0A19A1F6C221000D90519 /* Assets.xcassets */,
				ACC0A19C1F6C221000D90519 /* LaunchScreen.storyboard */,
				ACC0A19F1F6C221000D90519 /* Info.plist */,
				20356F071F6C47F1006466A2 /* LandPageVC.swift */,
				205066E41F8AE4F000343DCB /* AnimatedTextField.swift */,
				205066E61F8AE53200343DCB /* TextFieldEffects.swift */,
				205066E81F8AE60400343DCB /* SignUpVC.swift */,
				203345621F8D5DB50017CD3D /* Colors.swift */,
				ACD6BB371F8E9BFC0014BAE1 /* Extension.swift */,
				203345641F8D618A0017CD3D /* AddDogCell.swift */,
				203345651F8D618A0017CD3D /* AddDogCell.xib */,
				20AFF9451F8DC84B001ABD11 /* AddRowCell.swift */,
				20AFF9461F8DC84B001ABD11 /* AddRowCell.xib */,
				20AFF9491F8DE395001ABD11 /* LogInVC.swift */,
				20AFF94B1F8DF74E001ABD11 /* ProfileVC.swift */,
				20AFF94D1F8DF876001ABD11 /* ProfileDogCell.swift */,
				20AFF94F1F8DF8E0001ABD11 /* ProfileListCell.swift */,
			);
			path = Fetch;
			sourceTree = "<group>";
		};
		ACC0A1B21F6C221000D90519 /* FetchUITests */ = {
			isa = PBXGroup;
			children = (
				ACC0A1B31F6C221000D90519 /* FetchUITests.swift */,
				ACC0A1B51F6C221000D90519 /* Info.plist */,
			);
			path = FetchUITests;
			sourceTree = "<group>";
		};
		B5E072829C2EF919FA919F0A /* Frameworks */ = {
			isa = PBXGroup;
			children = (
				7CEDAC3E9C2FBE95E4FA01DB /* Pods_Fetch.framework */,
				617A4FB241340E8F0EE132A7 /* Pods_FetchTests.framework */,
				22C02B400DBE6E1BE9560EA4 /* Pods_FetchUITests.framework */,
			);
			name = Frameworks;
			sourceTree = "<group>";
		};
/* End PBXGroup section */

/* Begin PBXNativeTarget section */
		ACC0A18D1F6C221000D90519 /* Fetch */ = {
			isa = PBXNativeTarget;
			buildConfigurationList = ACC0A1B81F6C221000D90519 /* Build configuration list for PBXNativeTarget "Fetch" */;
			buildPhases = (
				7DCC4F57B24350E031198881 /* [CP] Check Pods Manifest.lock */,
				ACC0A18A1F6C221000D90519 /* Sources */,
				ACC0A18B1F6C221000D90519 /* Frameworks */,
				ACC0A18C1F6C221000D90519 /* Resources */,
				7DD6BAD1AAAF41BB42F1E8BB /* [CP] Embed Pods Frameworks */,
				6D8EC889BF98076D61ACD42B /* [CP] Copy Pods Resources */,
			);
			buildRules = (
			);
			dependencies = (
			);
			name = Fetch;
			productName = Fetch;
			productReference = ACC0A18E1F6C221000D90519 /* Fetch.app */;
			productType = "com.apple.product-type.application";
		};
		ACC0A1A31F6C221000D90519 /* FetchTests */ = {
			isa = PBXNativeTarget;
			buildConfigurationList = ACC0A1BB1F6C221000D90519 /* Build configuration list for PBXNativeTarget "FetchTests" */;
			buildPhases = (
				B86E0ADC6A42D5E1CD69E98D /* [CP] Check Pods Manifest.lock */,
				ACC0A1A01F6C221000D90519 /* Sources */,
				ACC0A1A11F6C221000D90519 /* Frameworks */,
				ACC0A1A21F6C221000D90519 /* Resources */,
				0E54B0EB4508EC27E1CE5AC0 /* [CP] Embed Pods Frameworks */,
				CCD0200B61B879B4FCE3EC98 /* [CP] Copy Pods Resources */,
			);
			buildRules = (
			);
			dependencies = (
				ACC0A1A61F6C221000D90519 /* PBXTargetDependency */,
			);
			name = FetchTests;
			productName = FetchTests;
			productReference = ACC0A1A41F6C221000D90519 /* FetchTests.xctest */;
			productType = "com.apple.product-type.bundle.unit-test";
		};
		ACC0A1AE1F6C221000D90519 /* FetchUITests */ = {
			isa = PBXNativeTarget;
			buildConfigurationList = ACC0A1BE1F6C221000D90519 /* Build configuration list for PBXNativeTarget "FetchUITests" */;
			buildPhases = (
				244816B6CD676BD44BD3C120 /* [CP] Check Pods Manifest.lock */,
				ACC0A1AB1F6C221000D90519 /* Sources */,
				ACC0A1AC1F6C221000D90519 /* Frameworks */,
				ACC0A1AD1F6C221000D90519 /* Resources */,
				F8223A714A0FB76340E72C91 /* [CP] Embed Pods Frameworks */,
				E70A7331D75718E8FC2F1DC8 /* [CP] Copy Pods Resources */,
			);
			buildRules = (
			);
			dependencies = (
				ACC0A1B11F6C221000D90519 /* PBXTargetDependency */,
			);
			name = FetchUITests;
			productName = FetchUITests;
			productReference = ACC0A1AF1F6C221000D90519 /* FetchUITests.xctest */;
			productType = "com.apple.product-type.bundle.ui-testing";
		};
/* End PBXNativeTarget section */

/* Begin PBXProject section */
		ACC0A1861F6C221000D90519 /* Project object */ = {
			isa = PBXProject;
			attributes = {
				LastSwiftUpdateCheck = 0830;
				LastUpgradeCheck = 0900;
				ORGANIZATIONNAME = Fetch;
				TargetAttributes = {
					ACC0A18D1F6C221000D90519 = {
						CreatedOnToolsVersion = 8.3.3;
						DevelopmentTeam = DGU6V4MRZ4;
						LastSwiftMigration = 0900;
						ProvisioningStyle = Automatic;
						SystemCapabilities = {
							com.apple.Keychain = {
								enabled = 1;
							};
							com.apple.Push = {
								enabled = 0;
							};
						};
					};
					ACC0A1A31F6C221000D90519 = {
						CreatedOnToolsVersion = 8.3.3;
						DevelopmentTeam = DGU6V4MRZ4;
						ProvisioningStyle = Automatic;
						TestTargetID = ACC0A18D1F6C221000D90519;
					};
					ACC0A1AE1F6C221000D90519 = {
						CreatedOnToolsVersion = 8.3.3;
						DevelopmentTeam = DGU6V4MRZ4;
						LastSwiftMigration = 0900;
						ProvisioningStyle = Automatic;
						TestTargetID = ACC0A18D1F6C221000D90519;
					};
				};
			};
			buildConfigurationList = ACC0A1891F6C221000D90519 /* Build configuration list for PBXProject "Fetch" */;
			compatibilityVersion = "Xcode 3.2";
			developmentRegion = English;
			hasScannedForEncodings = 0;
			knownRegions = (
				en,
				Base,
			);
			mainGroup = ACC0A1851F6C221000D90519;
			productRefGroup = ACC0A18F1F6C221000D90519 /* Products */;
			projectDirPath = "";
			projectRoot = "";
			targets = (
				ACC0A18D1F6C221000D90519 /* Fetch */,
				ACC0A1A31F6C221000D90519 /* FetchTests */,
				ACC0A1AE1F6C221000D90519 /* FetchUITests */,
			);
		};
/* End PBXProject section */

/* Begin PBXResourcesBuildPhase section */
		ACC0A18C1F6C221000D90519 /* Resources */ = {
			isa = PBXResourcesBuildPhase;
			buildActionMask = 2147483647;
			files = (
				20AFF9481F8DC84B001ABD11 /* AddRowCell.xib in Resources */,
				ACC0A19E1F6C221000D90519 /* LaunchScreen.storyboard in Resources */,
				203345671F8D618A0017CD3D /* AddDogCell.xib in Resources */,
				ACCE942F1F8C469900BBFE33 /* GoogleService-Info.plist in Resources */,
				ACC0A19B1F6C221000D90519 /* Assets.xcassets in Resources */,
				ACC0A1991F6C221000D90519 /* Main.storyboard in Resources */,
			);
			runOnlyForDeploymentPostprocessing = 0;
		};
		ACC0A1A21F6C221000D90519 /* Resources */ = {
			isa = PBXResourcesBuildPhase;
			buildActionMask = 2147483647;
			files = (
			);
			runOnlyForDeploymentPostprocessing = 0;
		};
		ACC0A1AD1F6C221000D90519 /* Resources */ = {
			isa = PBXResourcesBuildPhase;
			buildActionMask = 2147483647;
			files = (
			);
			runOnlyForDeploymentPostprocessing = 0;
		};
/* End PBXResourcesBuildPhase section */

/* Begin PBXShellScriptBuildPhase section */
		0E54B0EB4508EC27E1CE5AC0 /* [CP] Embed Pods Frameworks */ = {
			isa = PBXShellScriptBuildPhase;
			buildActionMask = 2147483647;
			files = (
			);
			inputPaths = (
			);
			name = "[CP] Embed Pods Frameworks";
			outputPaths = (
			);
			runOnlyForDeploymentPostprocessing = 0;
			shellPath = /bin/sh;
			shellScript = "\"${SRCROOT}/Pods/Target Support Files/Pods-FetchTests/Pods-FetchTests-frameworks.sh\"\n";
			showEnvVarsInLog = 0;
		};
		244816B6CD676BD44BD3C120 /* [CP] Check Pods Manifest.lock */ = {
			isa = PBXShellScriptBuildPhase;
			buildActionMask = 2147483647;
			files = (
			);
			inputPaths = (
				"${PODS_PODFILE_DIR_PATH}/Podfile.lock",
				"${PODS_ROOT}/Manifest.lock",
			);
			name = "[CP] Check Pods Manifest.lock";
			outputPaths = (
				"$(DERIVED_FILE_DIR)/Pods-FetchUITests-checkManifestLockResult.txt",
			);
			runOnlyForDeploymentPostprocessing = 0;
			shellPath = /bin/sh;
			shellScript = "diff \"${PODS_PODFILE_DIR_PATH}/Podfile.lock\" \"${PODS_ROOT}/Manifest.lock\" > /dev/null\nif [ $? != 0 ] ; then\n    # print error to STDERR\n    echo \"error: The sandbox is not in sync with the Podfile.lock. Run 'pod install' or update your CocoaPods installation.\" >&2\n    exit 1\nfi\n# This output is used by Xcode 'outputs' to avoid re-running this script phase.\necho \"SUCCESS\" > \"${SCRIPT_OUTPUT_FILE_0}\"\n";
			showEnvVarsInLog = 0;
		};
		6D8EC889BF98076D61ACD42B /* [CP] Copy Pods Resources */ = {
			isa = PBXShellScriptBuildPhase;
			buildActionMask = 2147483647;
			files = (
			);
			inputPaths = (
			);
			name = "[CP] Copy Pods Resources";
			outputPaths = (
			);
			runOnlyForDeploymentPostprocessing = 0;
			shellPath = /bin/sh;
			shellScript = "\"${SRCROOT}/Pods/Target Support Files/Pods-Fetch/Pods-Fetch-resources.sh\"\n";
			showEnvVarsInLog = 0;
		};
		7DCC4F57B24350E031198881 /* [CP] Check Pods Manifest.lock */ = {
			isa = PBXShellScriptBuildPhase;
			buildActionMask = 2147483647;
			files = (
			);
			inputPaths = (
				"${PODS_PODFILE_DIR_PATH}/Podfile.lock",
				"${PODS_ROOT}/Manifest.lock",
			);
			name = "[CP] Check Pods Manifest.lock";
			outputPaths = (
				"$(DERIVED_FILE_DIR)/Pods-Fetch-checkManifestLockResult.txt",
			);
			runOnlyForDeploymentPostprocessing = 0;
			shellPath = /bin/sh;
			shellScript = "diff \"${PODS_PODFILE_DIR_PATH}/Podfile.lock\" \"${PODS_ROOT}/Manifest.lock\" > /dev/null\nif [ $? != 0 ] ; then\n    # print error to STDERR\n    echo \"error: The sandbox is not in sync with the Podfile.lock. Run 'pod install' or update your CocoaPods installation.\" >&2\n    exit 1\nfi\n# This output is used by Xcode 'outputs' to avoid re-running this script phase.\necho \"SUCCESS\" > \"${SCRIPT_OUTPUT_FILE_0}\"\n";
			showEnvVarsInLog = 0;
		};
		7DD6BAD1AAAF41BB42F1E8BB /* [CP] Embed Pods Frameworks */ = {
			isa = PBXShellScriptBuildPhase;
			buildActionMask = 2147483647;
			files = (
			);
			inputPaths = (
				"${SRCROOT}/Pods/Target Support Files/Pods-Fetch/Pods-Fetch-frameworks.sh",
				"${BUILT_PRODUCTS_DIR}/ColorMatchTabs/ColorMatchTabs.framework",
				"${BUILT_PRODUCTS_DIR}/GTMSessionFetcher/GTMSessionFetcher.framework",
				"${BUILT_PRODUCTS_DIR}/GoogleToolboxForMac/GoogleToolboxForMac.framework",
				"${BUILT_PRODUCTS_DIR}/SDWebImage/SDWebImage.framework",
				"${BUILT_PRODUCTS_DIR}/leveldb-library/leveldb.framework",
				"${BUILT_PRODUCTS_DIR}/libwebp/libwebp.framework",
				"${BUILT_PRODUCTS_DIR}/nanopb/nanopb.framework",
			);
			name = "[CP] Embed Pods Frameworks";
			outputPaths = (
				"${TARGET_BUILD_DIR}/${FRAMEWORKS_FOLDER_PATH}/ColorMatchTabs.framework",
				"${TARGET_BUILD_DIR}/${FRAMEWORKS_FOLDER_PATH}/GTMSessionFetcher.framework",
				"${TARGET_BUILD_DIR}/${FRAMEWORKS_FOLDER_PATH}/GoogleToolboxForMac.framework",
				"${TARGET_BUILD_DIR}/${FRAMEWORKS_FOLDER_PATH}/SDWebImage.framework",
				"${TARGET_BUILD_DIR}/${FRAMEWORKS_FOLDER_PATH}/leveldb.framework",
				"${TARGET_BUILD_DIR}/${FRAMEWORKS_FOLDER_PATH}/libwebp.framework",
				"${TARGET_BUILD_DIR}/${FRAMEWORKS_FOLDER_PATH}/nanopb.framework",
			);
			runOnlyForDeploymentPostprocessing = 0;
			shellPath = /bin/sh;
			shellScript = "\"${SRCROOT}/Pods/Target Support Files/Pods-Fetch/Pods-Fetch-frameworks.sh\"\n";
			showEnvVarsInLog = 0;
		};
		B86E0ADC6A42D5E1CD69E98D /* [CP] Check Pods Manifest.lock */ = {
			isa = PBXShellScriptBuildPhase;
			buildActionMask = 2147483647;
			files = (
			);
			inputPaths = (
				"${PODS_PODFILE_DIR_PATH}/Podfile.lock",
				"${PODS_ROOT}/Manifest.lock",
			);
			name = "[CP] Check Pods Manifest.lock";
			outputPaths = (
				"$(DERIVED_FILE_DIR)/Pods-FetchTests-checkManifestLockResult.txt",
			);
			runOnlyForDeploymentPostprocessing = 0;
			shellPath = /bin/sh;
			shellScript = "diff \"${PODS_PODFILE_DIR_PATH}/Podfile.lock\" \"${PODS_ROOT}/Manifest.lock\" > /dev/null\nif [ $? != 0 ] ; then\n    # print error to STDERR\n    echo \"error: The sandbox is not in sync with the Podfile.lock. Run 'pod install' or update your CocoaPods installation.\" >&2\n    exit 1\nfi\n# This output is used by Xcode 'outputs' to avoid re-running this script phase.\necho \"SUCCESS\" > \"${SCRIPT_OUTPUT_FILE_0}\"\n";
			showEnvVarsInLog = 0;
		};
		CCD0200B61B879B4FCE3EC98 /* [CP] Copy Pods Resources */ = {
			isa = PBXShellScriptBuildPhase;
			buildActionMask = 2147483647;
			files = (
			);
			inputPaths = (
			);
			name = "[CP] Copy Pods Resources";
			outputPaths = (
			);
			runOnlyForDeploymentPostprocessing = 0;
			shellPath = /bin/sh;
			shellScript = "\"${SRCROOT}/Pods/Target Support Files/Pods-FetchTests/Pods-FetchTests-resources.sh\"\n";
			showEnvVarsInLog = 0;
		};
		E70A7331D75718E8FC2F1DC8 /* [CP] Copy Pods Resources */ = {
			isa = PBXShellScriptBuildPhase;
			buildActionMask = 2147483647;
			files = (
			);
			inputPaths = (
			);
			name = "[CP] Copy Pods Resources";
			outputPaths = (
			);
			runOnlyForDeploymentPostprocessing = 0;
			shellPath = /bin/sh;
			shellScript = "\"${SRCROOT}/Pods/Target Support Files/Pods-FetchUITests/Pods-FetchUITests-resources.sh\"\n";
			showEnvVarsInLog = 0;
		};
		F8223A714A0FB76340E72C91 /* [CP] Embed Pods Frameworks */ = {
			isa = PBXShellScriptBuildPhase;
			buildActionMask = 2147483647;
			files = (
			);
			inputPaths = (
			);
			name = "[CP] Embed Pods Frameworks";
			outputPaths = (
			);
			runOnlyForDeploymentPostprocessing = 0;
			shellPath = /bin/sh;
			shellScript = "\"${SRCROOT}/Pods/Target Support Files/Pods-FetchUITests/Pods-FetchUITests-frameworks.sh\"\n";
			showEnvVarsInLog = 0;
		};
/* End PBXShellScriptBuildPhase section */

/* Begin PBXSourcesBuildPhase section */
		ACC0A18A1F6C221000D90519 /* Sources */ = {
			isa = PBXSourcesBuildPhase;
			buildActionMask = 2147483647;
			files = (
				ACD6BB381F8E9BFC0014BAE1 /* Extension.swift in Sources */,
				20AFF94C1F8DF74E001ABD11 /* ProfileVC.swift in Sources */,
				20AFF9471F8DC84B001ABD11 /* AddRowCell.swift in Sources */,
				205066E91F8AE60400343DCB /* SignUpVC.swift in Sources */,
				203345661F8D618A0017CD3D /* AddDogCell.swift in Sources */,
				203345631F8D5DB50017CD3D /* Colors.swift in Sources */,
				ACC0A1961F6C221000D90519 /* SecondViewController.swift in Sources */,
				20AFF94E1F8DF876001ABD11 /* ProfileDogCell.swift in Sources */,
				20AFF9501F8DF8E0001ABD11 /* ProfileListCell.swift in Sources */,
				ACC0A1921F6C221000D90519 /* AppDelegate.swift in Sources */,
				205066E71F8AE53200343DCB /* TextFieldEffects.swift in Sources */,
				20356F081F6C47F1006466A2 /* LandPageVC.swift in Sources */,
				20AFF94A1F8DE395001ABD11 /* LogInVC.swift in Sources */,
				ACC0A1941F6C221000D90519 /* FirstViewController.swift in Sources */,
				205066E51F8AE4F000343DCB /* AnimatedTextField.swift in Sources */,
			);
			runOnlyForDeploymentPostprocessing = 0;
		};
		ACC0A1A01F6C221000D90519 /* Sources */ = {
			isa = PBXSourcesBuildPhase;
			buildActionMask = 2147483647;
			files = (
			);
			runOnlyForDeploymentPostprocessing = 0;
		};
		ACC0A1AB1F6C221000D90519 /* Sources */ = {
			isa = PBXSourcesBuildPhase;
			buildActionMask = 2147483647;
			files = (
				ACC0A1B41F6C221000D90519 /* FetchUITests.swift in Sources */,
			);
			runOnlyForDeploymentPostprocessing = 0;
		};
/* End PBXSourcesBuildPhase section */

/* Begin PBXTargetDependency section */
		ACC0A1A61F6C221000D90519 /* PBXTargetDependency */ = {
			isa = PBXTargetDependency;
			target = ACC0A18D1F6C221000D90519 /* Fetch */;
			targetProxy = ACC0A1A51F6C221000D90519 /* PBXContainerItemProxy */;
		};
		ACC0A1B11F6C221000D90519 /* PBXTargetDependency */ = {
			isa = PBXTargetDependency;
			target = ACC0A18D1F6C221000D90519 /* Fetch */;
			targetProxy = ACC0A1B01F6C221000D90519 /* PBXContainerItemProxy */;
		};
/* End PBXTargetDependency section */

/* Begin PBXVariantGroup section */
		ACC0A1971F6C221000D90519 /* Main.storyboard */ = {
			isa = PBXVariantGroup;
			children = (
				ACC0A1981F6C221000D90519 /* Base */,
			);
			name = Main.storyboard;
			sourceTree = "<group>";
		};
		ACC0A19C1F6C221000D90519 /* LaunchScreen.storyboard */ = {
			isa = PBXVariantGroup;
			children = (
				ACC0A19D1F6C221000D90519 /* Base */,
			);
			name = LaunchScreen.storyboard;
			sourceTree = "<group>";
		};
/* End PBXVariantGroup section */

/* Begin XCBuildConfiguration section */
		ACC0A1B61F6C221000D90519 /* Debug */ = {
			isa = XCBuildConfiguration;
			buildSettings = {
				ALWAYS_SEARCH_USER_PATHS = NO;
				CLANG_ANALYZER_NONNULL = YES;
				CLANG_ANALYZER_NUMBER_OBJECT_CONVERSION = YES_AGGRESSIVE;
				CLANG_CXX_LANGUAGE_STANDARD = "gnu++0x";
				CLANG_CXX_LIBRARY = "libc++";
				CLANG_ENABLE_MODULES = YES;
				CLANG_ENABLE_OBJC_ARC = YES;
				CLANG_WARN_BLOCK_CAPTURE_AUTORELEASING = YES;
				CLANG_WARN_BOOL_CONVERSION = YES;
				CLANG_WARN_COMMA = YES;
				CLANG_WARN_CONSTANT_CONVERSION = YES;
				CLANG_WARN_DIRECT_OBJC_ISA_USAGE = YES_ERROR;
				CLANG_WARN_DOCUMENTATION_COMMENTS = YES;
				CLANG_WARN_EMPTY_BODY = YES;
				CLANG_WARN_ENUM_CONVERSION = YES;
				CLANG_WARN_INFINITE_RECURSION = YES;
				CLANG_WARN_INT_CONVERSION = YES;
				CLANG_WARN_NON_LITERAL_NULL_CONVERSION = YES;
				CLANG_WARN_OBJC_LITERAL_CONVERSION = YES;
				CLANG_WARN_OBJC_ROOT_CLASS = YES_ERROR;
				CLANG_WARN_RANGE_LOOP_ANALYSIS = YES;
				CLANG_WARN_STRICT_PROTOTYPES = YES;
				CLANG_WARN_SUSPICIOUS_MOVE = YES;
				CLANG_WARN_UNREACHABLE_CODE = YES;
				CLANG_WARN__DUPLICATE_METHOD_MATCH = YES;
				"CODE_SIGN_IDENTITY[sdk=iphoneos*]" = "iPhone Developer";
				COPY_PHASE_STRIP = NO;
				DEBUG_INFORMATION_FORMAT = dwarf;
				ENABLE_STRICT_OBJC_MSGSEND = YES;
				ENABLE_TESTABILITY = YES;
				GCC_C_LANGUAGE_STANDARD = gnu99;
				GCC_DYNAMIC_NO_PIC = NO;
				GCC_NO_COMMON_BLOCKS = YES;
				GCC_OPTIMIZATION_LEVEL = 0;
				GCC_PREPROCESSOR_DEFINITIONS = (
					"DEBUG=1",
					"$(inherited)",
				);
				GCC_WARN_64_TO_32_BIT_CONVERSION = YES;
				GCC_WARN_ABOUT_RETURN_TYPE = YES_ERROR;
				GCC_WARN_UNDECLARED_SELECTOR = YES;
				GCC_WARN_UNINITIALIZED_AUTOS = YES_AGGRESSIVE;
				GCC_WARN_UNUSED_FUNCTION = YES;
				GCC_WARN_UNUSED_VARIABLE = YES;
				IPHONEOS_DEPLOYMENT_TARGET = 10.3;
				MTL_ENABLE_DEBUG_INFO = YES;
				ONLY_ACTIVE_ARCH = YES;
				SDKROOT = iphoneos;
				SWIFT_ACTIVE_COMPILATION_CONDITIONS = DEBUG;
				SWIFT_OPTIMIZATION_LEVEL = "-Onone";
			};
			name = Debug;
		};
		ACC0A1B71F6C221000D90519 /* Release */ = {
			isa = XCBuildConfiguration;
			buildSettings = {
				ALWAYS_SEARCH_USER_PATHS = NO;
				CLANG_ANALYZER_NONNULL = YES;
				CLANG_ANALYZER_NUMBER_OBJECT_CONVERSION = YES_AGGRESSIVE;
				CLANG_CXX_LANGUAGE_STANDARD = "gnu++0x";
				CLANG_CXX_LIBRARY = "libc++";
				CLANG_ENABLE_MODULES = YES;
				CLANG_ENABLE_OBJC_ARC = YES;
				CLANG_WARN_BLOCK_CAPTURE_AUTORELEASING = YES;
				CLANG_WARN_BOOL_CONVERSION = YES;
				CLANG_WARN_COMMA = YES;
				CLANG_WARN_CONSTANT_CONVERSION = YES;
				CLANG_WARN_DIRECT_OBJC_ISA_USAGE = YES_ERROR;
				CLANG_WARN_DOCUMENTATION_COMMENTS = YES;
				CLANG_WARN_EMPTY_BODY = YES;
				CLANG_WARN_ENUM_CONVERSION = YES;
				CLANG_WARN_INFINITE_RECURSION = YES;
				CLANG_WARN_INT_CONVERSION = YES;
				CLANG_WARN_NON_LITERAL_NULL_CONVERSION = YES;
				CLANG_WARN_OBJC_LITERAL_CONVERSION = YES;
				CLANG_WARN_OBJC_ROOT_CLASS = YES_ERROR;
				CLANG_WARN_RANGE_LOOP_ANALYSIS = YES;
				CLANG_WARN_STRICT_PROTOTYPES = YES;
				CLANG_WARN_SUSPICIOUS_MOVE = YES;
				CLANG_WARN_UNREACHABLE_CODE = YES;
				CLANG_WARN__DUPLICATE_METHOD_MATCH = YES;
				"CODE_SIGN_IDENTITY[sdk=iphoneos*]" = "iPhone Developer";
				COPY_PHASE_STRIP = NO;
				DEBUG_INFORMATION_FORMAT = "dwarf-with-dsym";
				ENABLE_NS_ASSERTIONS = NO;
				ENABLE_STRICT_OBJC_MSGSEND = YES;
				GCC_C_LANGUAGE_STANDARD = gnu99;
				GCC_NO_COMMON_BLOCKS = YES;
				GCC_WARN_64_TO_32_BIT_CONVERSION = YES;
				GCC_WARN_ABOUT_RETURN_TYPE = YES_ERROR;
				GCC_WARN_UNDECLARED_SELECTOR = YES;
				GCC_WARN_UNINITIALIZED_AUTOS = YES_AGGRESSIVE;
				GCC_WARN_UNUSED_FUNCTION = YES;
				GCC_WARN_UNUSED_VARIABLE = YES;
				IPHONEOS_DEPLOYMENT_TARGET = 10.3;
				MTL_ENABLE_DEBUG_INFO = NO;
				SDKROOT = iphoneos;
				SWIFT_OPTIMIZATION_LEVEL = "-Owholemodule";
				VALIDATE_PRODUCT = YES;
			};
			name = Release;
		};
		ACC0A1B91F6C221000D90519 /* Debug */ = {
			isa = XCBuildConfiguration;
			baseConfigurationReference = 1E3F85A997D3A42349EA6589 /* Pods-Fetch.debug.xcconfig */;
			buildSettings = {
				ASSETCATALOG_COMPILER_APPICON_NAME = AppIcon;
				CODE_SIGN_ENTITLEMENTS = Fetch/Fetch.entitlements;
				DEVELOPMENT_TEAM = DGU6V4MRZ4;
				INFOPLIST_FILE = Fetch/Info.plist;
				IPHONEOS_DEPLOYMENT_TARGET = 10.2;
				LD_RUNPATH_SEARCH_PATHS = "$(inherited) @executable_path/Frameworks";
				PRODUCT_BUNDLE_IDENTIFIER = com.fetch.Fetch;
				PRODUCT_NAME = "$(TARGET_NAME)";
				SWIFT_SWIFT3_OBJC_INFERENCE = On;
				SWIFT_VERSION = 4.0;
			};
			name = Debug;
		};
		ACC0A1BA1F6C221000D90519 /* Release */ = {
			isa = XCBuildConfiguration;
			baseConfigurationReference = 4F50D913A01892A33A0D4003 /* Pods-Fetch.release.xcconfig */;
			buildSettings = {
				ASSETCATALOG_COMPILER_APPICON_NAME = AppIcon;
				CODE_SIGN_ENTITLEMENTS = Fetch/Fetch.entitlements;
				DEVELOPMENT_TEAM = DGU6V4MRZ4;
				INFOPLIST_FILE = Fetch/Info.plist;
				IPHONEOS_DEPLOYMENT_TARGET = 10.2;
				LD_RUNPATH_SEARCH_PATHS = "$(inherited) @executable_path/Frameworks";
				PRODUCT_BUNDLE_IDENTIFIER = com.fetch.Fetch;
				PRODUCT_NAME = "$(TARGET_NAME)";
				SWIFT_SWIFT3_OBJC_INFERENCE = On;
				SWIFT_VERSION = 4.0;
			};
			name = Release;
		};
		ACC0A1BC1F6C221000D90519 /* Debug */ = {
			isa = XCBuildConfiguration;
			baseConfigurationReference = 7B29F21A6660037C40D4B1E8 /* Pods-FetchTests.debug.xcconfig */;
			buildSettings = {
				ALWAYS_EMBED_SWIFT_STANDARD_LIBRARIES = YES;
				BUNDLE_LOADER = "$(TEST_HOST)";
				DEVELOPMENT_TEAM = DGU6V4MRZ4;
				INFOPLIST_FILE = FetchTests/Info.plist;
				LD_RUNPATH_SEARCH_PATHS = "$(inherited) @executable_path/Frameworks @loader_path/Frameworks";
				PRODUCT_BUNDLE_IDENTIFIER = com.FetchTests;
				PRODUCT_NAME = "$(TARGET_NAME)";
				SWIFT_VERSION = 3.0;
				TEST_HOST = "$(BUILT_PRODUCTS_DIR)/Fetch.app/Fetch";
			};
			name = Debug;
		};
		ACC0A1BD1F6C221000D90519 /* Release */ = {
			isa = XCBuildConfiguration;
			baseConfigurationReference = BF0FBCE28585E8220972BDC3 /* Pods-FetchTests.release.xcconfig */;
			buildSettings = {
				ALWAYS_EMBED_SWIFT_STANDARD_LIBRARIES = YES;
				BUNDLE_LOADER = "$(TEST_HOST)";
				DEVELOPMENT_TEAM = DGU6V4MRZ4;
				INFOPLIST_FILE = FetchTests/Info.plist;
				LD_RUNPATH_SEARCH_PATHS = "$(inherited) @executable_path/Frameworks @loader_path/Frameworks";
				PRODUCT_BUNDLE_IDENTIFIER = com.FetchTests;
				PRODUCT_NAME = "$(TARGET_NAME)";
				SWIFT_VERSION = 3.0;
				TEST_HOST = "$(BUILT_PRODUCTS_DIR)/Fetch.app/Fetch";
			};
			name = Release;
		};
		ACC0A1BF1F6C221000D90519 /* Debug */ = {
			isa = XCBuildConfiguration;
			baseConfigurationReference = 727162DFF6390CE2DFC08A28 /* Pods-FetchUITests.debug.xcconfig */;
			buildSettings = {
				ALWAYS_EMBED_SWIFT_STANDARD_LIBRARIES = YES;
				DEVELOPMENT_TEAM = DGU6V4MRZ4;
				INFOPLIST_FILE = FetchUITests/Info.plist;
				LD_RUNPATH_SEARCH_PATHS = "$(inherited) @executable_path/Frameworks @loader_path/Frameworks";
				PRODUCT_BUNDLE_IDENTIFIER = com.FetchUITests;
				PRODUCT_NAME = "$(TARGET_NAME)";
				SWIFT_SWIFT3_OBJC_INFERENCE = On;
				SWIFT_VERSION = 4.0;
				TEST_TARGET_NAME = Fetch;
			};
			name = Debug;
		};
		ACC0A1C01F6C221000D90519 /* Release */ = {
			isa = XCBuildConfiguration;
			baseConfigurationReference = 3FCA53447C490C19EF564100 /* Pods-FetchUITests.release.xcconfig */;
			buildSettings = {
				ALWAYS_EMBED_SWIFT_STANDARD_LIBRARIES = YES;
				DEVELOPMENT_TEAM = DGU6V4MRZ4;
				INFOPLIST_FILE = FetchUITests/Info.plist;
				LD_RUNPATH_SEARCH_PATHS = "$(inherited) @executable_path/Frameworks @loader_path/Frameworks";
				PRODUCT_BUNDLE_IDENTIFIER = com.FetchUITests;
				PRODUCT_NAME = "$(TARGET_NAME)";
				SWIFT_SWIFT3_OBJC_INFERENCE = On;
				SWIFT_VERSION = 4.0;
				TEST_TARGET_NAME = Fetch;
			};
			name = Release;
		};
/* End XCBuildConfiguration section */

/* Begin XCConfigurationList section */
		ACC0A1891F6C221000D90519 /* Build configuration list for PBXProject "Fetch" */ = {
			isa = XCConfigurationList;
			buildConfigurations = (
				ACC0A1B61F6C221000D90519 /* Debug */,
				ACC0A1B71F6C221000D90519 /* Release */,
			);
			defaultConfigurationIsVisible = 0;
			defaultConfigurationName = Release;
		};
		ACC0A1B81F6C221000D90519 /* Build configuration list for PBXNativeTarget "Fetch" */ = {
			isa = XCConfigurationList;
			buildConfigurations = (
				ACC0A1B91F6C221000D90519 /* Debug */,
				ACC0A1BA1F6C221000D90519 /* Release */,
			);
			defaultConfigurationIsVisible = 0;
			defaultConfigurationName = Release;
		};
		ACC0A1BB1F6C221000D90519 /* Build configuration list for PBXNativeTarget "FetchTests" */ = {
			isa = XCConfigurationList;
			buildConfigurations = (
				ACC0A1BC1F6C221000D90519 /* Debug */,
				ACC0A1BD1F6C221000D90519 /* Release */,
			);
			defaultConfigurationIsVisible = 0;
			defaultConfigurationName = Release;
		};
		ACC0A1BE1F6C221000D90519 /* Build configuration list for PBXNativeTarget "FetchUITests" */ = {
			isa = XCConfigurationList;
			buildConfigurations = (
				ACC0A1BF1F6C221000D90519 /* Debug */,
				ACC0A1C01F6C221000D90519 /* Release */,
			);
			defaultConfigurationIsVisible = 0;
			defaultConfigurationName = Release;
		};
/* End XCConfigurationList section */
	};
	rootObject = ACC0A1861F6C221000D90519 /* Project object */;
}
